// !$*UTF8*$!
{
	archiveVersion = 1;
	classes = {
	};
	objectVersion = 46;
	objects = {

/* Begin PBXBuildFile section */
		CE03428B19B4EE3800BD0005 /* LevelScene.swift in Sources */ = {isa = PBXBuildFile; fileRef = CE03428A19B4EE3800BD0005 /* LevelScene.swift */; };
		CE03428D19B6751300BD0005 /* SublevelScene.swift in Sources */ = {isa = PBXBuildFile; fileRef = CE03428C19B6751300BD0005 /* SublevelScene.swift */; };
		CE1A592E1992DF1000DA753B /* easing.swift in Sources */ = {isa = PBXBuildFile; fileRef = CE1A592D1992DF1000DA753B /* easing.swift */; };
		CE1A59311992ECF900DA753B /* EasingDeclarations.swift in Sources */ = {isa = PBXBuildFile; fileRef = CE1A59301992ECF900DA753B /* EasingDeclarations.swift */; };
		CE1A59331992EF1F00DA753B /* SKEase.swift in Sources */ = {isa = PBXBuildFile; fileRef = CE1A59321992EF1F00DA753B /* SKEase.swift */; };
		CE50CAC819B91CBA00BE9781 /* 011436082-level-complete-2.mp3 in Resources */ = {isa = PBXBuildFile; fileRef = CE50CAC619B91CBA00BE9781 /* 011436082-level-complete-2.mp3 */; };
		CE50CAC919B91CBA00BE9781 /* bikeSqueak.mp3 in Resources */ = {isa = PBXBuildFile; fileRef = CE50CAC719B91CBA00BE9781 /* bikeSqueak.mp3 */; };
		CE50CACB19B922E200BE9781 /* SKButton.swift in Sources */ = {isa = PBXBuildFile; fileRef = CE50CACA19B922E200BE9781 /* SKButton.swift */; };
		CE5FE0941996A0C500BCCE72 /* CoreMotion.framework in Frameworks */ = {isa = PBXBuildFile; fileRef = CE5FE0931996A0C500BCCE72 /* CoreMotion.framework */; };
		CE79523319AD2B1A00C64BB8 /* TitleScene.swift in Sources */ = {isa = PBXBuildFile; fileRef = CE79523219AD2B1A00C64BB8 /* TitleScene.swift */; };
		CE79526519AD48DB00C64BB8 /* TitleScene.sks in Resources */ = {isa = PBXBuildFile; fileRef = CE79526419AD48DB00C64BB8 /* TitleScene.sks */; };
		CE7C23EE19902800001AA3E1 /* AppDelegate.swift in Sources */ = {isa = PBXBuildFile; fileRef = CE7C23ED19902800001AA3E1 /* AppDelegate.swift */; };
		CE7C23F019902800001AA3E1 /* GameScene.sks in Resources */ = {isa = PBXBuildFile; fileRef = CE7C23EF19902800001AA3E1 /* GameScene.sks */; };
		CE7C23F219902800001AA3E1 /* GameScene.swift in Sources */ = {isa = PBXBuildFile; fileRef = CE7C23F119902800001AA3E1 /* GameScene.swift */; };
		CE7C23F419902800001AA3E1 /* GameViewController.swift in Sources */ = {isa = PBXBuildFile; fileRef = CE7C23F319902800001AA3E1 /* GameViewController.swift */; };
		CE7C23F719902800001AA3E1 /* Main.storyboard in Resources */ = {isa = PBXBuildFile; fileRef = CE7C23F519902800001AA3E1 /* Main.storyboard */; };
		CE7C23F919902800001AA3E1 /* Images.xcassets in Resources */ = {isa = PBXBuildFile; fileRef = CE7C23F819902800001AA3E1 /* Images.xcassets */; };
		CE7C240519902800001AA3E1 /* BalanceTests.swift in Sources */ = {isa = PBXBuildFile; fileRef = CE7C240419902800001AA3E1 /* BalanceTests.swift */; };
		CEC2B8271992B2AC0085F9DB /* TestScene.swift in Sources */ = {isa = PBXBuildFile; fileRef = CEC2B8261992B2AC0085F9DB /* TestScene.swift */; };
		CEC2D429199FD99E0092BD6E /* images.atlas in Resources */ = {isa = PBXBuildFile; fileRef = CEC2D428199FD99E0092BD6E /* images.atlas */; };
		CED14F6319AEC2370035F93B /* Objects.swift in Sources */ = {isa = PBXBuildFile; fileRef = CED14F6219AEC2370035F93B /* Objects.swift */; };
		CED14F9519B0E6120035F93B /* Levels.swift in Sources */ = {isa = PBXBuildFile; fileRef = CED14F9419B0E6120035F93B /* Levels.swift */; };
		CED14F9819B0E6860035F93B /* SubLevelVO.swift in Sources */ = {isa = PBXBuildFile; fileRef = CED14F9719B0E6860035F93B /* SubLevelVO.swift */; };
		CED14F9D19B0E8620035F93B /* LevelVO.swift in Sources */ = {isa = PBXBuildFile; fileRef = CED14F9C19B0E8620035F93B /* LevelVO.swift */; };
		CED14FA319B0F9E60035F93B /* grenade.mp3 in Resources */ = {isa = PBXBuildFile; fileRef = CED14FA219B0F9E60035F93B /* grenade.mp3 */; };
		CED14FA519B11DFC0035F93B /* woosh_3.mp3 in Resources */ = {isa = PBXBuildFile; fileRef = CED14FA419B11DFC0035F93B /* woosh_3.mp3 */; };
		CED14FAB19B12E630035F93B /* land.mp3 in Resources */ = {isa = PBXBuildFile; fileRef = CED14FAA19B12E630035F93B /* land.mp3 */; };
		CED14FB319B133EC0035F93B /* fall.mp3 in Resources */ = {isa = PBXBuildFile; fileRef = CED14FB219B133EB0035F93B /* fall.mp3 */; };
		CEDF3F38199E7EEA00F57D99 /* Man.swift in Sources */ = {isa = PBXBuildFile; fileRef = CEDF3F37199E7EEA00F57D99 /* Man.swift */; };
		CEDF3F3D199E8D2400F57D99 /* ConfigurationManager.swift in Sources */ = {isa = PBXBuildFile; fileRef = CEDF3F3C199E8D2400F57D99 /* ConfigurationManager.swift */; };
		CEE32D5019B7CC1400BFCB57 /* Back Issues BB in Resources */ = {isa = PBXBuildFile; fileRef = CEE32D4F19B7CC1400BFCB57 /* Back Issues BB */; };
		CEE32D5219B8DAE900BFCB57 /* LevelCompleteScene.swift in Sources */ = {isa = PBXBuildFile; fileRef = CEE32D5119B8DAE900BFCB57 /* LevelCompleteScene.swift */; };
/* End PBXBuildFile section */

/* Begin PBXContainerItemProxy section */
		CE7C23FF19902800001AA3E1 /* PBXContainerItemProxy */ = {
			isa = PBXContainerItemProxy;
			containerPortal = CE7C23E019902800001AA3E1 /* Project object */;
			proxyType = 1;
			remoteGlobalIDString = CE7C23E719902800001AA3E1;
			remoteInfo = Balance;
		};
/* End PBXContainerItemProxy section */

/* Begin PBXFileReference section */
		CE03428A19B4EE3800BD0005 /* LevelScene.swift */ = {isa = PBXFileReference; fileEncoding = 4; lastKnownFileType = sourcecode.swift; path = LevelScene.swift; sourceTree = "<group>"; };
		CE03428C19B6751300BD0005 /* SublevelScene.swift */ = {isa = PBXFileReference; fileEncoding = 4; lastKnownFileType = sourcecode.swift; path = SublevelScene.swift; sourceTree = "<group>"; };
		CE1A592D1992DF1000DA753B /* easing.swift */ = {isa = PBXFileReference; fileEncoding = 4; lastKnownFileType = sourcecode.swift; name = easing.swift; path = Easing/easing.swift; sourceTree = "<group>"; };
		CE1A59301992ECF900DA753B /* EasingDeclarations.swift */ = {isa = PBXFileReference; fileEncoding = 4; lastKnownFileType = sourcecode.swift; name = EasingDeclarations.swift; path = Easing/EasingDeclarations.swift; sourceTree = "<group>"; };
		CE1A59321992EF1F00DA753B /* SKEase.swift */ = {isa = PBXFileReference; fileEncoding = 4; lastKnownFileType = sourcecode.swift; path = SKEase.swift; sourceTree = "<group>"; };
		CE50CAC619B91CBA00BE9781 /* 011436082-level-complete-2.mp3 */ = {isa = PBXFileReference; lastKnownFileType = audio.mp3; path = "011436082-level-complete-2.mp3"; sourceTree = "<group>"; };
		CE50CAC719B91CBA00BE9781 /* bikeSqueak.mp3 */ = {isa = PBXFileReference; lastKnownFileType = audio.mp3; path = bikeSqueak.mp3; sourceTree = "<group>"; };
		CE50CACA19B922E200BE9781 /* SKButton.swift */ = {isa = PBXFileReference; fileEncoding = 4; lastKnownFileType = sourcecode.swift; path = SKButton.swift; sourceTree = "<group>"; };
		CE5FE0931996A0C500BCCE72 /* CoreMotion.framework */ = {isa = PBXFileReference; lastKnownFileType = wrapper.framework; name = CoreMotion.framework; path = System/Library/Frameworks/CoreMotion.framework; sourceTree = SDKROOT; };
		CE79523219AD2B1A00C64BB8 /* TitleScene.swift */ = {isa = PBXFileReference; fileEncoding = 4; lastKnownFileType = sourcecode.swift; path = TitleScene.swift; sourceTree = "<group>"; };
		CE79526419AD48DB00C64BB8 /* TitleScene.sks */ = {isa = PBXFileReference; lastKnownFileType = file.sks; path = TitleScene.sks; sourceTree = "<group>"; };
		CE7C23E819902800001AA3E1 /* Balance.app */ = {isa = PBXFileReference; explicitFileType = wrapper.application; includeInIndex = 0; path = Balance.app; sourceTree = BUILT_PRODUCTS_DIR; };
		CE7C23EC19902800001AA3E1 /* Info.plist */ = {isa = PBXFileReference; lastKnownFileType = text.plist.xml; path = Info.plist; sourceTree = "<group>"; };
		CE7C23ED19902800001AA3E1 /* AppDelegate.swift */ = {isa = PBXFileReference; lastKnownFileType = sourcecode.swift; path = AppDelegate.swift; sourceTree = "<group>"; };
		CE7C23EF19902800001AA3E1 /* GameScene.sks */ = {isa = PBXFileReference; lastKnownFileType = file.sks; path = GameScene.sks; sourceTree = "<group>"; };
		CE7C23F119902800001AA3E1 /* GameScene.swift */ = {isa = PBXFileReference; lastKnownFileType = sourcecode.swift; path = GameScene.swift; sourceTree = "<group>"; };
		CE7C23F319902800001AA3E1 /* GameViewController.swift */ = {isa = PBXFileReference; lastKnownFileType = sourcecode.swift; path = GameViewController.swift; sourceTree = "<group>"; };
		CE7C23F619902800001AA3E1 /* Base */ = {isa = PBXFileReference; lastKnownFileType = file.storyboard; name = Base; path = Base.lproj/Main.storyboard; sourceTree = "<group>"; };
		CE7C23F819902800001AA3E1 /* Images.xcassets */ = {isa = PBXFileReference; lastKnownFileType = folder.assetcatalog; path = Images.xcassets; sourceTree = "<group>"; };
		CE7C23FE19902800001AA3E1 /* BalanceTests.xctest */ = {isa = PBXFileReference; explicitFileType = wrapper.cfbundle; includeInIndex = 0; path = BalanceTests.xctest; sourceTree = BUILT_PRODUCTS_DIR; };
		CE7C240319902800001AA3E1 /* Info.plist */ = {isa = PBXFileReference; lastKnownFileType = text.plist.xml; path = Info.plist; sourceTree = "<group>"; };
		CE7C240419902800001AA3E1 /* BalanceTests.swift */ = {isa = PBXFileReference; lastKnownFileType = sourcecode.swift; path = BalanceTests.swift; sourceTree = "<group>"; };
		CE7C24481991850A001AA3E1 /* Balance-Bridging-Header.h */ = {isa = PBXFileReference; lastKnownFileType = sourcecode.c.h; path = "Balance-Bridging-Header.h"; sourceTree = "<group>"; };
		CEC2B8261992B2AC0085F9DB /* TestScene.swift */ = {isa = PBXFileReference; fileEncoding = 4; lastKnownFileType = sourcecode.swift; path = TestScene.swift; sourceTree = "<group>"; };
		CEC2D428199FD99E0092BD6E /* images.atlas */ = {isa = PBXFileReference; lastKnownFileType = folder.skatlas; path = images.atlas; sourceTree = "<group>"; };
		CED14F6219AEC2370035F93B /* Objects.swift */ = {isa = PBXFileReference; fileEncoding = 4; lastKnownFileType = sourcecode.swift; path = Objects.swift; sourceTree = "<group>"; };
		CED14F9419B0E6120035F93B /* Levels.swift */ = {isa = PBXFileReference; fileEncoding = 4; lastKnownFileType = sourcecode.swift; name = Levels.swift; path = data/Levels.swift; sourceTree = "<group>"; };
		CED14F9719B0E6860035F93B /* SubLevelVO.swift */ = {isa = PBXFileReference; fileEncoding = 4; lastKnownFileType = sourcecode.swift; name = SubLevelVO.swift; path = model/vo/SubLevelVO.swift; sourceTree = "<group>"; };
		CED14F9C19B0E8620035F93B /* LevelVO.swift */ = {isa = PBXFileReference; fileEncoding = 4; lastKnownFileType = sourcecode.swift; name = LevelVO.swift; path = model/vo/LevelVO.swift; sourceTree = "<group>"; };
		CED14FA219B0F9E60035F93B /* grenade.mp3 */ = {isa = PBXFileReference; lastKnownFileType = audio.mp3; path = grenade.mp3; sourceTree = "<group>"; };
		CED14FA419B11DFC0035F93B /* woosh_3.mp3 */ = {isa = PBXFileReference; lastKnownFileType = audio.mp3; path = woosh_3.mp3; sourceTree = "<group>"; };
		CED14FAA19B12E630035F93B /* land.mp3 */ = {isa = PBXFileReference; lastKnownFileType = audio.mp3; path = land.mp3; sourceTree = "<group>"; };
		CED14FAE19B1306D0035F93B /* AVKit.framework */ = {isa = PBXFileReference; lastKnownFileType = wrapper.framework; name = AVKit.framework; path = System/Library/Frameworks/AVKit.framework; sourceTree = SDKROOT; };
		CED14FB219B133EB0035F93B /* fall.mp3 */ = {isa = PBXFileReference; lastKnownFileType = audio.mp3; path = fall.mp3; sourceTree = "<group>"; };
		CEDF3F37199E7EEA00F57D99 /* Man.swift */ = {isa = PBXFileReference; fileEncoding = 4; lastKnownFileType = sourcecode.swift; name = Man.swift; path = sprites/Man.swift; sourceTree = "<group>"; };
		CEDF3F3C199E8D2400F57D99 /* ConfigurationManager.swift */ = {isa = PBXFileReference; fileEncoding = 4; lastKnownFileType = sourcecode.swift; path = ConfigurationManager.swift; sourceTree = "<group>"; };
		CEE32D4F19B7CC1400BFCB57 /* Back Issues BB */ = {isa = PBXFileReference; fileEncoding = 4; lastKnownFileType = text; path = "Back Issues BB"; sourceTree = "<group>"; };
		CEE32D5119B8DAE900BFCB57 /* LevelCompleteScene.swift */ = {isa = PBXFileReference; fileEncoding = 4; lastKnownFileType = sourcecode.swift; path = LevelCompleteScene.swift; sourceTree = "<group>"; };
/* End PBXFileReference section */

/* Begin PBXFrameworksBuildPhase section */
		CE7C23E519902800001AA3E1 /* Frameworks */ = {
			isa = PBXFrameworksBuildPhase;
			buildActionMask = 2147483647;
			files = (
				CE5FE0941996A0C500BCCE72 /* CoreMotion.framework in Frameworks */,
			);
			runOnlyForDeploymentPostprocessing = 0;
		};
		CE7C23FB19902800001AA3E1 /* Frameworks */ = {
			isa = PBXFrameworksBuildPhase;
			buildActionMask = 2147483647;
			files = (
			);
			runOnlyForDeploymentPostprocessing = 0;
		};
/* End PBXFrameworksBuildPhase section */

/* Begin PBXGroup section */
		CE1A592F1992DF1B00DA753B /* Easing */ = {
			isa = PBXGroup;
			children = (
				CE1A592D1992DF1000DA753B /* easing.swift */,
				CE1A59301992ECF900DA753B /* EasingDeclarations.swift */,
				CE1A59321992EF1F00DA753B /* SKEase.swift */,
			);
			name = Easing;
			path = Balance;
			sourceTree = "<group>";
		};
		CE79523419AD2B7200C64BB8 /* Scenes */ = {
			isa = PBXGroup;
			children = (
				CE7C23EF19902800001AA3E1 /* GameScene.sks */,
				CE79526419AD48DB00C64BB8 /* TitleScene.sks */,
				CE79523219AD2B1A00C64BB8 /* TitleScene.swift */,
				CE03428A19B4EE3800BD0005 /* LevelScene.swift */,
				CE03428C19B6751300BD0005 /* SublevelScene.swift */,
				CE7C23F119902800001AA3E1 /* GameScene.swift */,
				CEE32D5119B8DAE900BFCB57 /* LevelCompleteScene.swift */,
				CEC2B8261992B2AC0085F9DB /* TestScene.swift */,
			);
			name = Scenes;
			sourceTree = "<group>";
		};
		CE7C23DF19902800001AA3E1 = {
			isa = PBXGroup;
			children = (
				CE7C23EA19902800001AA3E1 /* Balance */,
				CE7C240119902800001AA3E1 /* BalanceTests */,
				CE7C23E919902800001AA3E1 /* Products */,
				CE7C243619917B15001AA3E1 /* Frameworks */,
			);
			sourceTree = "<group>";
		};
		CE7C23E919902800001AA3E1 /* Products */ = {
			isa = PBXGroup;
			children = (
				CE7C23E819902800001AA3E1 /* Balance.app */,
				CE7C23FE19902800001AA3E1 /* BalanceTests.xctest */,
			);
			name = Products;
			sourceTree = "<group>";
		};
		CE7C23EA19902800001AA3E1 /* Balance */ = {
			isa = PBXGroup;
			children = (
				CED14FA019B0ECBC0035F93B /* audio */,
				CEC2D428199FD99E0092BD6E /* images.atlas */,
				CE7C23ED19902800001AA3E1 /* AppDelegate.swift */,
				CE79523419AD2B7200C64BB8 /* Scenes */,
				CE7C23F319902800001AA3E1 /* GameViewController.swift */,
				CE7C23F519902800001AA3E1 /* Main.storyboard */,
				CE7C23F819902800001AA3E1 /* Images.xcassets */,
				CE7C23EB19902800001AA3E1 /* Supporting Files */,
				CEDF3F39199E7EF500F57D99 /* sprites */,
				CEDF3F3C199E8D2400F57D99 /* ConfigurationManager.swift */,
				CED14F9619B0E6170035F93B /* data */,
				CED14F9919B0E68E0035F93B /* vo */,
			);
			path = Balance;
			sourceTree = "<group>";
		};
		CE7C23EB19902800001AA3E1 /* Supporting Files */ = {
			isa = PBXGroup;
			children = (
				CEE32D4F19B7CC1400BFCB57 /* Back Issues BB */,
				CE7C24481991850A001AA3E1 /* Balance-Bridging-Header.h */,
				CE7C23EC19902800001AA3E1 /* Info.plist */,
			);
			name = "Supporting Files";
			sourceTree = "<group>";
		};
		CE7C240119902800001AA3E1 /* BalanceTests */ = {
			isa = PBXGroup;
			children = (
				CE7C240419902800001AA3E1 /* BalanceTests.swift */,
				CE7C240219902800001AA3E1 /* Supporting Files */,
			);
			path = BalanceTests;
			sourceTree = "<group>";
		};
		CE7C240219902800001AA3E1 /* Supporting Files */ = {
			isa = PBXGroup;
			children = (
				CE7C240319902800001AA3E1 /* Info.plist */,
			);
			name = "Supporting Files";
			sourceTree = "<group>";
		};
		CE7C243619917B15001AA3E1 /* Frameworks */ = {
			isa = PBXGroup;
			children = (
				CED14FAE19B1306D0035F93B /* AVKit.framework */,
				CE5FE0931996A0C500BCCE72 /* CoreMotion.framework */,
				CE1A592F1992DF1B00DA753B /* Easing */,
			);
			name = Frameworks;
			sourceTree = "<group>";
		};
		CED14F9619B0E6170035F93B /* data */ = {
			isa = PBXGroup;
			children = (
				CED14F9419B0E6120035F93B /* Levels.swift */,
			);
			name = data;
			sourceTree = "<group>";
		};
		CED14F9919B0E68E0035F93B /* vo */ = {
			isa = PBXGroup;
			children = (
				CED14F9719B0E6860035F93B /* SubLevelVO.swift */,
				CED14F9C19B0E8620035F93B /* LevelVO.swift */,
			);
			name = vo;
			sourceTree = "<group>";
		};
		CED14FA019B0ECBC0035F93B /* audio */ = {
			isa = PBXGroup;
			children = (
				CE50CAC619B91CBA00BE9781 /* 011436082-level-complete-2.mp3 */,
				CE50CAC719B91CBA00BE9781 /* bikeSqueak.mp3 */,
				CED14FB219B133EB0035F93B /* fall.mp3 */,
				CED14FAA19B12E630035F93B /* land.mp3 */,
				CED14FA419B11DFC0035F93B /* woosh_3.mp3 */,
				CED14FA219B0F9E60035F93B /* grenade.mp3 */,
			);
			name = audio;
			sourceTree = "<group>";
		};
		CEDF3F39199E7EF500F57D99 /* sprites */ = {
			isa = PBXGroup;
			children = (
				CEDF3F37199E7EEA00F57D99 /* Man.swift */,
				CED14F6219AEC2370035F93B /* Objects.swift */,
				CE50CACA19B922E200BE9781 /* SKButton.swift */,
			);
			name = sprites;
			sourceTree = "<group>";
		};
/* End PBXGroup section */

/* Begin PBXNativeTarget section */
		CE7C23E719902800001AA3E1 /* Balance */ = {
			isa = PBXNativeTarget;
			buildConfigurationList = CE7C240819902800001AA3E1 /* Build configuration list for PBXNativeTarget "Balance" */;
			buildPhases = (
				CE7C23E419902800001AA3E1 /* Sources */,
				CE7C23E519902800001AA3E1 /* Frameworks */,
				CE7C23E619902800001AA3E1 /* Resources */,
			);
			buildRules = (
			);
			dependencies = (
			);
			name = Balance;
			productName = Balance;
			productReference = CE7C23E819902800001AA3E1 /* Balance.app */;
			productType = "com.apple.product-type.application";
		};
		CE7C23FD19902800001AA3E1 /* BalanceTests */ = {
			isa = PBXNativeTarget;
			buildConfigurationList = CE7C240B19902800001AA3E1 /* Build configuration list for PBXNativeTarget "BalanceTests" */;
			buildPhases = (
				CE7C23FA19902800001AA3E1 /* Sources */,
				CE7C23FB19902800001AA3E1 /* Frameworks */,
				CE7C23FC19902800001AA3E1 /* Resources */,
			);
			buildRules = (
			);
			dependencies = (
				CE7C240019902800001AA3E1 /* PBXTargetDependency */,
			);
			name = BalanceTests;
			productName = BalanceTests;
			productReference = CE7C23FE19902800001AA3E1 /* BalanceTests.xctest */;
			productType = "com.apple.product-type.bundle.unit-test";
		};
/* End PBXNativeTarget section */

/* Begin PBXProject section */
		CE7C23E019902800001AA3E1 /* Project object */ = {
			isa = PBXProject;
			attributes = {
				LastUpgradeCheck = 0600;
				ORGANIZATIONNAME = CraigGrummitt;
				TargetAttributes = {
					CE7C23E719902800001AA3E1 = {
						CreatedOnToolsVersion = 6.0;
					};
					CE7C23FD19902800001AA3E1 = {
						CreatedOnToolsVersion = 6.0;
						TestTargetID = CE7C23E719902800001AA3E1;
					};
				};
			};
			buildConfigurationList = CE7C23E319902800001AA3E1 /* Build configuration list for PBXProject "Balance" */;
			compatibilityVersion = "Xcode 3.2";
			developmentRegion = English;
			hasScannedForEncodings = 0;
			knownRegions = (
				en,
				Base,
			);
			mainGroup = CE7C23DF19902800001AA3E1;
			productRefGroup = CE7C23E919902800001AA3E1 /* Products */;
			projectDirPath = "";
			projectRoot = "";
			targets = (
				CE7C23E719902800001AA3E1 /* Balance */,
				CE7C23FD19902800001AA3E1 /* BalanceTests */,
			);
		};
/* End PBXProject section */

/* Begin PBXResourcesBuildPhase section */
		CE7C23E619902800001AA3E1 /* Resources */ = {
			isa = PBXResourcesBuildPhase;
			buildActionMask = 2147483647;
			files = (
				CE7C23F919902800001AA3E1 /* Images.xcassets in Resources */,
				CEC2D429199FD99E0092BD6E /* images.atlas in Resources */,
				CED14FB319B133EC0035F93B /* fall.mp3 in Resources */,
				CED14FAB19B12E630035F93B /* land.mp3 in Resources */,
				CE7C23F019902800001AA3E1 /* GameScene.sks in Resources */,
				CE50CAC919B91CBA00BE9781 /* bikeSqueak.mp3 in Resources */,
				CEE32D5019B7CC1400BFCB57 /* Back Issues BB in Resources */,
				CE79526519AD48DB00C64BB8 /* TitleScene.sks in Resources */,
				CE7C23F719902800001AA3E1 /* Main.storyboard in Resources */,
				CE50CAC819B91CBA00BE9781 /* 011436082-level-complete-2.mp3 in Resources */,
				CED14FA519B11DFC0035F93B /* woosh_3.mp3 in Resources */,
				CED14FA319B0F9E60035F93B /* grenade.mp3 in Resources */,
			);
			runOnlyForDeploymentPostprocessing = 0;
		};
		CE7C23FC19902800001AA3E1 /* Resources */ = {
			isa = PBXResourcesBuildPhase;
			buildActionMask = 2147483647;
			files = (
			);
			runOnlyForDeploymentPostprocessing = 0;
		};
/* End PBXResourcesBuildPhase section */

/* Begin PBXSourcesBuildPhase section */
		CE7C23E419902800001AA3E1 /* Sources */ = {
			isa = PBXSourcesBuildPhase;
			buildActionMask = 2147483647;
			files = (
				CEDF3F3D199E8D2400F57D99 /* ConfigurationManager.swift in Sources */,
				CEDF3F38199E7EEA00F57D99 /* Man.swift in Sources */,
				CED14F6319AEC2370035F93B /* Objects.swift in Sources */,
				CEE32D5219B8DAE900BFCB57 /* LevelCompleteScene.swift in Sources */,
				CE1A592E1992DF1000DA753B /* easing.swift in Sources */,
				CE7C23F219902800001AA3E1 /* GameScene.swift in Sources */,
				CE1A59331992EF1F00DA753B /* SKEase.swift in Sources */,
				CE50CACB19B922E200BE9781 /* SKButton.swift in Sources */,
				CED14F9519B0E6120035F93B /* Levels.swift in Sources */,
				CED14F9819B0E6860035F93B /* SubLevelVO.swift in Sources */,
				CE1A59311992ECF900DA753B /* EasingDeclarations.swift in Sources */,
				CE03428B19B4EE3800BD0005 /* LevelScene.swift in Sources */,
				CE7C23F419902800001AA3E1 /* GameViewController.swift in Sources */,
				CE7C23EE19902800001AA3E1 /* AppDelegate.swift in Sources */,
				CED14F9D19B0E8620035F93B /* LevelVO.swift in Sources */,
				CEC2B8271992B2AC0085F9DB /* TestScene.swift in Sources */,
				CE03428D19B6751300BD0005 /* SublevelScene.swift in Sources */,
				CE79523319AD2B1A00C64BB8 /* TitleScene.swift in Sources */,
			);
			runOnlyForDeploymentPostprocessing = 0;
		};
		CE7C23FA19902800001AA3E1 /* Sources */ = {
			isa = PBXSourcesBuildPhase;
			buildActionMask = 2147483647;
			files = (
				CE7C240519902800001AA3E1 /* BalanceTests.swift in Sources */,
			);
			runOnlyForDeploymentPostprocessing = 0;
		};
/* End PBXSourcesBuildPhase section */

/* Begin PBXTargetDependency section */
		CE7C240019902800001AA3E1 /* PBXTargetDependency */ = {
			isa = PBXTargetDependency;
			target = CE7C23E719902800001AA3E1 /* Balance */;
			targetProxy = CE7C23FF19902800001AA3E1 /* PBXContainerItemProxy */;
		};
/* End PBXTargetDependency section */

/* Begin PBXVariantGroup section */
		CE7C23F519902800001AA3E1 /* Main.storyboard */ = {
			isa = PBXVariantGroup;
			children = (
				CE7C23F619902800001AA3E1 /* Base */,
			);
			name = Main.storyboard;
			sourceTree = "<group>";
		};
/* End PBXVariantGroup section */

/* Begin XCBuildConfiguration section */
		CE7C240619902800001AA3E1 /* Debug */ = {
			isa = XCBuildConfiguration;
			buildSettings = {
				ALWAYS_SEARCH_USER_PATHS = NO;
				CLANG_CXX_LANGUAGE_STANDARD = "gnu++0x";
				CLANG_CXX_LIBRARY = "libc++";
				CLANG_ENABLE_MODULES = YES;
				CLANG_ENABLE_OBJC_ARC = YES;
				CLANG_WARN_BOOL_CONVERSION = YES;
				CLANG_WARN_CONSTANT_CONVERSION = YES;
				CLANG_WARN_DIRECT_OBJC_ISA_USAGE = YES_ERROR;
				CLANG_WARN_EMPTY_BODY = YES;
				CLANG_WARN_ENUM_CONVERSION = YES;
				CLANG_WARN_INT_CONVERSION = YES;
				CLANG_WARN_OBJC_ROOT_CLASS = YES_ERROR;
				CLANG_WARN_UNREACHABLE_CODE = YES;
				CLANG_WARN__DUPLICATE_METHOD_MATCH = YES;
				"CODE_SIGN_IDENTITY[sdk=iphoneos*]" = "iPhone Developer";
				COPY_PHASE_STRIP = NO;
				ENABLE_STRICT_OBJC_MSGSEND = YES;
				GCC_C_LANGUAGE_STANDARD = gnu99;
				GCC_DYNAMIC_NO_PIC = NO;
				GCC_OPTIMIZATION_LEVEL = 0;
				GCC_PREPROCESSOR_DEFINITIONS = (
					"DEBUG=1",
					"$(inherited)",
				);
				GCC_SYMBOLS_PRIVATE_EXTERN = NO;
				GCC_WARN_64_TO_32_BIT_CONVERSION = YES;
				GCC_WARN_ABOUT_RETURN_TYPE = YES_ERROR;
				GCC_WARN_UNDECLARED_SELECTOR = YES;
				GCC_WARN_UNINITIALIZED_AUTOS = YES_AGGRESSIVE;
				GCC_WARN_UNUSED_FUNCTION = YES;
				GCC_WARN_UNUSED_VARIABLE = YES;
				IPHONEOS_DEPLOYMENT_TARGET = 8.0;
				MTL_ENABLE_DEBUG_INFO = YES;
				ONLY_ACTIVE_ARCH = YES;
				SDKROOT = iphoneos;
				SWIFT_OPTIMIZATION_LEVEL = "-Onone";
				TARGETED_DEVICE_FAMILY = "1,2";
			};
			name = Debug;
		};
		CE7C240719902800001AA3E1 /* Release */ = {
			isa = XCBuildConfiguration;
			buildSettings = {
				ALWAYS_SEARCH_USER_PATHS = NO;
				CLANG_CXX_LANGUAGE_STANDARD = "gnu++0x";
				CLANG_CXX_LIBRARY = "libc++";
				CLANG_ENABLE_MODULES = YES;
				CLANG_ENABLE_OBJC_ARC = YES;
				CLANG_WARN_BOOL_CONVERSION = YES;
				CLANG_WARN_CONSTANT_CONVERSION = YES;
				CLANG_WARN_DIRECT_OBJC_ISA_USAGE = YES_ERROR;
				CLANG_WARN_EMPTY_BODY = YES;
				CLANG_WARN_ENUM_CONVERSION = YES;
				CLANG_WARN_INT_CONVERSION = YES;
				CLANG_WARN_OBJC_ROOT_CLASS = YES_ERROR;
				CLANG_WARN_UNREACHABLE_CODE = YES;
				CLANG_WARN__DUPLICATE_METHOD_MATCH = YES;
				"CODE_SIGN_IDENTITY[sdk=iphoneos*]" = "iPhone Developer";
				COPY_PHASE_STRIP = YES;
				ENABLE_NS_ASSERTIONS = NO;
				ENABLE_STRICT_OBJC_MSGSEND = YES;
				GCC_C_LANGUAGE_STANDARD = gnu99;
				GCC_WARN_64_TO_32_BIT_CONVERSION = YES;
				GCC_WARN_ABOUT_RETURN_TYPE = YES_ERROR;
				GCC_WARN_UNDECLARED_SELECTOR = YES;
				GCC_WARN_UNINITIALIZED_AUTOS = YES_AGGRESSIVE;
				GCC_WARN_UNUSED_FUNCTION = YES;
				GCC_WARN_UNUSED_VARIABLE = YES;
				IPHONEOS_DEPLOYMENT_TARGET = 8.0;
				MTL_ENABLE_DEBUG_INFO = NO;
				SDKROOT = iphoneos;
				TARGETED_DEVICE_FAMILY = "1,2";
				VALIDATE_PRODUCT = YES;
			};
			name = Release;
		};
		CE7C240919902800001AA3E1 /* Debug */ = {
			isa = XCBuildConfiguration;
			buildSettings = {
				ASSETCATALOG_COMPILER_APPICON_NAME = AppIcon;
				ASSETCATALOG_COMPILER_LAUNCHIMAGE_NAME = LaunchImage;
				INFOPLIST_FILE = Balance/Info.plist;
				IPHONEOS_DEPLOYMENT_TARGET = 7.1;
				LD_RUNPATH_SEARCH_PATHS = "$(inherited) @executable_path/Frameworks";
				PRODUCT_NAME = "$(TARGET_NAME)";
				SWIFT_OBJC_BRIDGING_HEADER = "Balance/Balance-Bridging-Header.h";
			};
			name = Debug;
		};
		CE7C240A19902800001AA3E1 /* Release */ = {
			isa = XCBuildConfiguration;
			buildSettings = {
				ASSETCATALOG_COMPILER_APPICON_NAME = AppIcon;
				ASSETCATALOG_COMPILER_LAUNCHIMAGE_NAME = LaunchImage;
				INFOPLIST_FILE = Balance/Info.plist;
				IPHONEOS_DEPLOYMENT_TARGET = 7.1;
				LD_RUNPATH_SEARCH_PATHS = "$(inherited) @executable_path/Frameworks";
				PRODUCT_NAME = "$(TARGET_NAME)";
				SWIFT_OBJC_BRIDGING_HEADER = "Balance/Balance-Bridging-Header.h";
			};
			name = Release;
		};
		CE7C240C19902800001AA3E1 /* Debug */ = {
			isa = XCBuildConfiguration;
			buildSettings = {
				BUNDLE_LOADER = "$(BUILT_PRODUCTS_DIR)/Balance.app/Balance";
				FRAMEWORK_SEARCH_PATHS = (
					"$(SDKROOT)/Developer/Library/Frameworks",
					"$(inherited)",
				);
				GCC_PREPROCESSOR_DEFINITIONS = (
					"DEBUG=1",
					"$(inherited)",
				);
				INFOPLIST_FILE = BalanceTests/Info.plist;
				LD_RUNPATH_SEARCH_PATHS = "$(inherited) @executable_path/Frameworks @loader_path/Frameworks";
				PRODUCT_NAME = "$(TARGET_NAME)";
				TEST_HOST = "$(BUNDLE_LOADER)";
			};
			name = Debug;
		};
		CE7C240D19902800001AA3E1 /* Release */ = {
			isa = XCBuildConfiguration;
			buildSettings = {
				BUNDLE_LOADER = "$(BUILT_PRODUCTS_DIR)/Balance.app/Balance";
				FRAMEWORK_SEARCH_PATHS = (
					"$(SDKROOT)/Developer/Library/Frameworks",
					"$(inherited)",
				);
				INFOPLIST_FILE = BalanceTests/Info.plist;
				LD_RUNPATH_SEARCH_PATHS = "$(inherited) @executable_path/Frameworks @loader_path/Frameworks";
				PRODUCT_NAME = "$(TARGET_NAME)";
				TEST_HOST = "$(BUNDLE_LOADER)";
			};
			name = Release;
		};
/* End XCBuildConfiguration section */

/* Begin XCConfigurationList section */
		CE7C23E319902800001AA3E1 /* Build configuration list for PBXProject "Balance" */ = {
			isa = XCConfigurationList;
			buildConfigurations = (
				CE7C240619902800001AA3E1 /* Debug */,
				CE7C240719902800001AA3E1 /* Release */,
			);
			defaultConfigurationIsVisible = 0;
			defaultConfigurationName = Release;
		};
		CE7C240819902800001AA3E1 /* Build configuration list for PBXNativeTarget "Balance" */ = {
			isa = XCConfigurationList;
			buildConfigurations = (
				CE7C240919902800001AA3E1 /* Debug */,
				CE7C240A19902800001AA3E1 /* Release */,
			);
			defaultConfigurationIsVisible = 0;
			defaultConfigurationName = Release;
		};
		CE7C240B19902800001AA3E1 /* Build configuration list for PBXNativeTarget "BalanceTests" */ = {
			isa = XCConfigurationList;
			buildConfigurations = (
				CE7C240C19902800001AA3E1 /* Debug */,
				CE7C240D19902800001AA3E1 /* Release */,
			);
			defaultConfigurationIsVisible = 0;
			defaultConfigurationName = Release;
		};
/* End XCConfigurationList section */
	};
	rootObject = CE7C23E019902800001AA3E1 /* Project object */;
}
